
Microsoft Visual Studio Solution File, Format Version 12.00
# Visual Studio 14
VisualStudioVersion = 14.0.25420.1
MinimumVisualStudioVersion = 10.0.40219.1
Project("{FAE04EC0-301F-11D3-BF4B-00C04F79EFBC}") = "DynamicFields", "DynamicFields\DynamicFields.csproj", "{0BD18DDD-86B1-492E-8670-FA16649EA60E}"
EndProject
Project("{FAE04EC0-301F-11D3-BF4B-00C04F79EFBC}") = "DynamicFields.Data", "DynamicFields.Data\DynamicFields.Data.csproj", "{861C57DC-8BEB-4E27-A60B-A9B91F18A590}"
EndProject
Global
	GlobalSection(SolutionConfigurationPlatforms) = preSolution
		Debug|Any CPU = Debug|Any CPU
		Release|Any CPU = Release|Any CPU
	EndGlobalSection
	GlobalSection(ProjectConfigurationPlatforms) = postSolution
		{0BD18DDD-86B1-492E-8670-FA16649EA60E}.Debug|Any CPU.ActiveCfg = Debug|Any CPU
		{0BD18DDD-86B1-492E-8670-FA16649EA60E}.Debug|Any CPU.Build.0 = Debug|Any CPU
		{0BD18DDD-86B1-492E-8670-FA16649EA60E}.Release|Any CPU.ActiveCfg = Release|Any CPU
		{0BD18DDD-86B1-492E-8670-FA16649EA60E}.Release|Any CPU.Build.0 = Release|Any CPU
		{861C57DC-8BEB-4E27-A60B-A9B91F18A590}.Debug|Any CPU.ActiveCfg = Debug|Any CPU
		{861C57DC-8BEB-4E27-A60B-A9B91F18A590}.Debug|Any CPU.Build.0 = Debug|Any CPU
		{861C57DC-8BEB-4E27-A60B-A9B91F18A590}.Release|Any CPU.ActiveCfg = Release|Any CPU
		{861C57DC-8BEB-4E27-A60B-A9B91F18A590}.Release|Any CPU.Build.0 = Release|Any CPU
	EndGlobalSection
	GlobalSection(SolutionProperties) = preSolution
		HideSolutionNode = FALSE
	EndGlobalSection
EndGlobal
